
Microsoft Visual Studio Solution File, Format Version 12.00
# Visual Studio Version 17
VisualStudioVersion = 17.11.35312.102
MinimumVisualStudioVersion = 10.0.40219.1
Project("{FAE04EC0-301F-11D3-BF4B-00C04F79EFBC}") = "InterviewBuddy", "InterviewBuddy.csproj", "{162C6711-52AA-401F-867D-A40F172183DD}"
EndProject
Global
	GlobalSection(SolutionConfigurationPlatforms) = preSolution
		Debug|Any CPU = Debug|Any CPU
		Release|Any CPU = Release|Any CPU
	EndGlobalSection
	GlobalSection(ProjectConfigurationPlatforms) = postSolution
		{162C6711-52AA-401F-867D-A40F172183DD}.Debug|Any CPU.ActiveCfg = Debug|Any CPU
		{162C6711-52AA-401F-867D-A40F172183DD}.Debug|Any CPU.Build.0 = Debug|Any CPU
		{162C6711-52AA-401F-867D-A40F172183DD}.Release|Any CPU.ActiveCfg = Release|Any CPU
		{162C6711-52AA-401F-867D-A40F172183DD}.Release|Any CPU.Build.0 = Release|Any CPU
	EndGlobalSection
	GlobalSection(SolutionProperties) = preSolution
		HideSolutionNode = FALSE
	EndGlobalSection
	GlobalSection(ExtensibilityGlobals) = postSolution
		SolutionGuid = {E83C9FD0-097C-47D1-AEC8-3934247DCAA2}
	EndGlobalSection
EndGlobal
